
Microsoft Visual Studio Solution File, Format Version 12.00
# Visual Studio 15
VisualStudioVersion = 15.0.28307.852
MinimumVisualStudioVersion = 10.0.40219.1
Project("{FAE04EC0-301F-11D3-BF4B-00C04F79EFBC}") = "NETAPI2", "NETAPI2\NETAPI2.csproj", "{49E9A2EB-DC94-49E7-BC56-0505B7051AC3}"
EndProject
Project("{FAE04EC0-301F-11D3-BF4B-00C04F79EFBC}") = "EmpDataAccess", "EmpDataAccess\EmpDataAccess.csproj", "{00275A68-9714-4DB4-9717-9130FADE1D25}"
EndProject
Global
	GlobalSection(SolutionConfigurationPlatforms) = preSolution
		Debug|Any CPU = Debug|Any CPU
		Release|Any CPU = Release|Any CPU
	EndGlobalSection
	GlobalSection(ProjectConfigurationPlatforms) = postSolution
		{49E9A2EB-DC94-49E7-BC56-0505B7051AC3}.Debug|Any CPU.ActiveCfg = Debug|Any CPU
		{49E9A2EB-DC94-49E7-BC56-0505B7051AC3}.Debug|Any CPU.Build.0 = Debug|Any CPU
		{49E9A2EB-DC94-49E7-BC56-0505B7051AC3}.Release|Any CPU.ActiveCfg = Release|Any CPU
		{49E9A2EB-DC94-49E7-BC56-0505B7051AC3}.Release|Any CPU.Build.0 = Release|Any CPU
		{00275A68-9714-4DB4-9717-9130FADE1D25}.Debug|Any CPU.ActiveCfg = Debug|Any CPU
		{00275A68-9714-4DB4-9717-9130FADE1D25}.Debug|Any CPU.Build.0 = Debug|Any CPU
		{00275A68-9714-4DB4-9717-9130FADE1D25}.Release|Any CPU.ActiveCfg = Release|Any CPU
		{00275A68-9714-4DB4-9717-9130FADE1D25}.Release|Any CPU.Build.0 = Release|Any CPU
	EndGlobalSection
	GlobalSection(SolutionProperties) = preSolution
		HideSolutionNode = FALSE
	EndGlobalSection
	GlobalSection(ExtensibilityGlobals) = postSolution
		SolutionGuid = {3F7912B9-CAE8-4C80-A898-46F67A4B1B19}
	EndGlobalSection
EndGlobal
